
Microsoft Visual Studio Solution File, Format Version 12.00
# Visual Studio Version 16
VisualStudioVersion = 16.0.31205.134
MinimumVisualStudioVersion = 10.0.40219.1
Project("{FAE04EC0-301F-11D3-BF4B-00C04F79EFBC}") = "wzw13Aka", "wzw13Aka.csproj", "{326D5230-15F1-45C1-9BD4-E601B009C68C}"
EndProject
Global
	GlobalSection(SolutionConfigurationPlatforms) = preSolution
		Debug|Any CPU = Debug|Any CPU
		Release|Any CPU = Release|Any CPU
	EndGlobalSection
	GlobalSection(ProjectConfigurationPlatforms) = postSolution
		{326D5230-15F1-45C1-9BD4-E601B009C68C}.Debug|Any CPU.ActiveCfg = Debug|Any CPU
		{326D5230-15F1-45C1-9BD4-E601B009C68C}.Debug|Any CPU.Build.0 = Debug|Any CPU
		{326D5230-15F1-45C1-9BD4-E601B009C68C}.Release|Any CPU.ActiveCfg = Release|Any CPU
		{326D5230-15F1-45C1-9BD4-E601B009C68C}.Release|Any CPU.Build.0 = Release|Any CPU
	EndGlobalSection
	GlobalSection(SolutionProperties) = preSolution
		HideSolutionNode = FALSE
	EndGlobalSection
	GlobalSection(ExtensibilityGlobals) = postSolution
		SolutionGuid = {2AD1485C-D249-4E19-9C75-090E5943DF72}
	EndGlobalSection
EndGlobal
