
Microsoft Visual Studio Solution File, Format Version 12.00
# Visual Studio Version 16
VisualStudioVersion = 16.0.31702.278
MinimumVisualStudioVersion = 10.0.40219.1
Project("{FAE04EC0-301F-11D3-BF4B-00C04F79EFBC}") = "App11Persons", "App11Persons\App11Persons.csproj", "{70F2CF7D-0300-4443-8394-F9E2AA8C87AD}"
EndProject
Global
	GlobalSection(SolutionConfigurationPlatforms) = preSolution
		Debug|Any CPU = Debug|Any CPU
		Release|Any CPU = Release|Any CPU
	EndGlobalSection
	GlobalSection(ProjectConfigurationPlatforms) = postSolution
		{70F2CF7D-0300-4443-8394-F9E2AA8C87AD}.Debug|Any CPU.ActiveCfg = Debug|Any CPU
		{70F2CF7D-0300-4443-8394-F9E2AA8C87AD}.Debug|Any CPU.Build.0 = Debug|Any CPU
		{70F2CF7D-0300-4443-8394-F9E2AA8C87AD}.Release|Any CPU.ActiveCfg = Release|Any CPU
		{70F2CF7D-0300-4443-8394-F9E2AA8C87AD}.Release|Any CPU.Build.0 = Release|Any CPU
	EndGlobalSection
	GlobalSection(SolutionProperties) = preSolution
		HideSolutionNode = FALSE
	EndGlobalSection
	GlobalSection(ExtensibilityGlobals) = postSolution
		SolutionGuid = {6FCB9287-776D-4A71-B461-48FD946FF156}
	EndGlobalSection
EndGlobal
